
Microsoft Visual Studio Solution File, Format Version 12.00
# Visual Studio 15
VisualStudioVersion = 15.0.28307.1500
MinimumVisualStudioVersion = 10.0.40219.1
Project("{FAE04EC0-301F-11D3-BF4B-00C04F79EFBC}") = "Lib", "Lib\Lib.csproj", "{992894C1-2C01-488A-9A23-8C6E4927F1D0}"
EndProject
Global
	GlobalSection(SolutionConfigurationPlatforms) = preSolution
		Debug|Any CPU = Debug|Any CPU
		Release|Any CPU = Release|Any CPU
	EndGlobalSection
	GlobalSection(ProjectConfigurationPlatforms) = postSolution
		{992894C1-2C01-488A-9A23-8C6E4927F1D0}.Debug|Any CPU.ActiveCfg = Debug|Any CPU
		{992894C1-2C01-488A-9A23-8C6E4927F1D0}.Debug|Any CPU.Build.0 = Debug|Any CPU
		{992894C1-2C01-488A-9A23-8C6E4927F1D0}.Release|Any CPU.ActiveCfg = Release|Any CPU
		{992894C1-2C01-488A-9A23-8C6E4927F1D0}.Release|Any CPU.Build.0 = Release|Any CPU
	EndGlobalSection
	GlobalSection(SolutionProperties) = preSolution
		HideSolutionNode = FALSE
	EndGlobalSection
	GlobalSection(ExtensibilityGlobals) = postSolution
		SolutionGuid = {AC18368B-E46C-4805-91CB-822D8E713131}
	EndGlobalSection
EndGlobal
